
Microsoft Visual Studio Solution File, Format Version 12.00
# Visual Studio 15
Project("{FAE04EC0-301F-11D3-BF4B-00C04F79EFBC}") = "Assembly-CSharp", "Assembly-CSharp.csproj", "{E878E032-5934-7927-1F2C-D1818F3E89DC}"
EndProject
Global
	GlobalSection(SolutionConfigurationPlatforms) = preSolution
		Debug|Any CPU = Debug|Any CPU
		Release|Any CPU = Release|Any CPU
	EndGlobalSection
	GlobalSection(ProjectConfigurationPlatforms) = postSolution
		{E878E032-5934-7927-1F2C-D1818F3E89DC}.Debug|Any CPU.ActiveCfg = Debug|Any CPU
		{E878E032-5934-7927-1F2C-D1818F3E89DC}.Debug|Any CPU.Build.0 = Debug|Any CPU
		{E878E032-5934-7927-1F2C-D1818F3E89DC}.Release|Any CPU.ActiveCfg = Release|Any CPU
		{E878E032-5934-7927-1F2C-D1818F3E89DC}.Release|Any CPU.Build.0 = Release|Any CPU
	EndGlobalSection
	GlobalSection(SolutionProperties) = preSolution
		HideSolutionNode = FALSE
	EndGlobalSection
EndGlobal
